// !$*UTF8*$!
{
	archiveVersion = 1;
	classes = {
	};
	objectVersion = 46;
	objects = {

/* Begin PBXBuildFile section */
		253E92CB36F0968AFB3AE347 /* Pods_Schoolert.framework in Frameworks */ = {isa = PBXBuildFile; fileRef = BAFE5E82E6EB0BEF0831DDF3 /* Pods_Schoolert.framework */; };
		EDE80E541EF5DE5300896153 /* AppDelegate.swift in Sources */ = {isa = PBXBuildFile; fileRef = EDE80E531EF5DE5300896153 /* AppDelegate.swift */; };
		EDE80E561EF5DE5300896153 /* ViewController.swift in Sources */ = {isa = PBXBuildFile; fileRef = EDE80E551EF5DE5300896153 /* ViewController.swift */; };
		EDE80E591EF5DE5300896153 /* Main.storyboard in Resources */ = {isa = PBXBuildFile; fileRef = EDE80E571EF5DE5300896153 /* Main.storyboard */; };
		EDE80E5B1EF5DE5300896153 /* Assets.xcassets in Resources */ = {isa = PBXBuildFile; fileRef = EDE80E5A1EF5DE5300896153 /* Assets.xcassets */; };
		EDE80E5E1EF5DE5300896153 /* LaunchScreen.storyboard in Resources */ = {isa = PBXBuildFile; fileRef = EDE80E5C1EF5DE5300896153 /* LaunchScreen.storyboard */; };
/* End PBXBuildFile section */

/* Begin PBXFileReference section */
		8AB44CCEB61D6E0C51FF58D3 /* Pods-Schoolert.release.xcconfig */ = {isa = PBXFileReference; includeInIndex = 1; lastKnownFileType = text.xcconfig; name = "Pods-Schoolert.release.xcconfig"; path = "Pods/Target Support Files/Pods-Schoolert/Pods-Schoolert.release.xcconfig"; sourceTree = "<group>"; };
		BAFE5E82E6EB0BEF0831DDF3 /* Pods_Schoolert.framework */ = {isa = PBXFileReference; explicitFileType = wrapper.framework; includeInIndex = 0; path = Pods_Schoolert.framework; sourceTree = BUILT_PRODUCTS_DIR; };
		DF8ECC4CDCB083702B399060 /* Pods-Schoolert.debug.xcconfig */ = {isa = PBXFileReference; includeInIndex = 1; lastKnownFileType = text.xcconfig; name = "Pods-Schoolert.debug.xcconfig"; path = "Pods/Target Support Files/Pods-Schoolert/Pods-Schoolert.debug.xcconfig"; sourceTree = "<group>"; };
		EDE80E501EF5DE5300896153 /* Schoolert.app */ = {isa = PBXFileReference; explicitFileType = wrapper.application; includeInIndex = 0; path = Schoolert.app; sourceTree = BUILT_PRODUCTS_DIR; };
		EDE80E531EF5DE5300896153 /* AppDelegate.swift */ = {isa = PBXFileReference; lastKnownFileType = sourcecode.swift; path = AppDelegate.swift; sourceTree = "<group>"; };
		EDE80E551EF5DE5300896153 /* ViewController.swift */ = {isa = PBXFileReference; lastKnownFileType = sourcecode.swift; path = ViewController.swift; sourceTree = "<group>"; };
		EDE80E581EF5DE5300896153 /* Base */ = {isa = PBXFileReference; lastKnownFileType = file.storyboard; name = Base; path = Base.lproj/Main.storyboard; sourceTree = "<group>"; };
		EDE80E5A1EF5DE5300896153 /* Assets.xcassets */ = {isa = PBXFileReference; lastKnownFileType = folder.assetcatalog; path = Assets.xcassets; sourceTree = "<group>"; };
		EDE80E5D1EF5DE5300896153 /* Base */ = {isa = PBXFileReference; lastKnownFileType = file.storyboard; name = Base; path = Base.lproj/LaunchScreen.storyboard; sourceTree = "<group>"; };
		EDE80E5F1EF5DE5300896153 /* Info.plist */ = {isa = PBXFileReference; lastKnownFileType = text.plist.xml; path = Info.plist; sourceTree = "<group>"; };
/* End PBXFileReference section */

/* Begin PBXFrameworksBuildPhase section */
		EDE80E4D1EF5DE5300896153 /* Frameworks */ = {
			isa = PBXFrameworksBuildPhase;
			buildActionMask = 2147483647;
			files = (
				253E92CB36F0968AFB3AE347 /* Pods_Schoolert.framework in Frameworks */,
			);
			runOnlyForDeploymentPostprocessing = 0;
		};
/* End PBXFrameworksBuildPhase section */

/* Begin PBXGroup section */
		28CC34C9AECD302E7F2CB0DE /* Pods */ = {
			isa = PBXGroup;
			children = (
				DF8ECC4CDCB083702B399060 /* Pods-Schoolert.debug.xcconfig */,
				8AB44CCEB61D6E0C51FF58D3 /* Pods-Schoolert.release.xcconfig */,
			);
			name = Pods;
			sourceTree = "<group>";
		};
		3E82733639ECDEECCF6C237F /* Frameworks */ = {
			isa = PBXGroup;
			children = (
				BAFE5E82E6EB0BEF0831DDF3 /* Pods_Schoolert.framework */,
			);
			name = Frameworks;
			sourceTree = "<group>";
		};
		EDE80E471EF5DE5300896153 = {
			isa = PBXGroup;
			children = (
				EDE80E521EF5DE5300896153 /* Schoolert */,
				EDE80E511EF5DE5300896153 /* Products */,
				28CC34C9AECD302E7F2CB0DE /* Pods */,
				3E82733639ECDEECCF6C237F /* Frameworks */,
			);
			sourceTree = "<group>";
		};
		EDE80E511EF5DE5300896153 /* Products */ = {
			isa = PBXGroup;
			children = (
				EDE80E501EF5DE5300896153 /* Schoolert.app */,
			);
			name = Products;
			sourceTree = "<group>";
		};
		EDE80E521EF5DE5300896153 /* Schoolert */ = {
			isa = PBXGroup;
			children = (
				EDE80E531EF5DE5300896153 /* AppDelegate.swift */,
				EDE80E551EF5DE5300896153 /* ViewController.swift */,
				EDE80E571EF5DE5300896153 /* Main.storyboard */,
				EDE80E5A1EF5DE5300896153 /* Assets.xcassets */,
				EDE80E5C1EF5DE5300896153 /* LaunchScreen.storyboard */,
				EDE80E5F1EF5DE5300896153 /* Info.plist */,
			);
			path = Schoolert;
			sourceTree = "<group>";
		};
/* End PBXGroup section */

/* Begin PBXNativeTarget section */
		EDE80E4F1EF5DE5300896153 /* Schoolert */ = {
			isa = PBXNativeTarget;
			buildConfigurationList = EDE80E621EF5DE5300896153 /* Build configuration list for PBXNativeTarget "Schoolert" */;
			buildPhases = (
				86A4739D3681A2F29F38E52D /* [CP] Check Pods Manifest.lock */,
				EDE80E4C1EF5DE5300896153 /* Sources */,
				EDE80E4D1EF5DE5300896153 /* Frameworks */,
				EDE80E4E1EF5DE5300896153 /* Resources */,
				9FEA110D819DB29F49A81DB7 /* [CP] Embed Pods Frameworks */,
				78793886AF10C003FE9BEC86 /* [CP] Copy Pods Resources */,
			);
			buildRules = (
			);
			dependencies = (
			);
			name = Schoolert;
			productName = Schoolert;
			productReference = EDE80E501EF5DE5300896153 /* Schoolert.app */;
			productType = "com.apple.product-type.application";
		};
/* End PBXNativeTarget section */

/* Begin PBXProject section */
		EDE80E481EF5DE5300896153 /* Project object */ = {
			isa = PBXProject;
			attributes = {
				LastSwiftUpdateCheck = 0820;
				LastUpgradeCheck = 0820;
				ORGANIZATIONNAME = InternTeam;
				TargetAttributes = {
					EDE80E4F1EF5DE5300896153 = {
						CreatedOnToolsVersion = 8.2.1;
						DevelopmentTeam = KYVYVR927G;
						ProvisioningStyle = Automatic;
					};
				};
			};
			buildConfigurationList = EDE80E4B1EF5DE5300896153 /* Build configuration list for PBXProject "Schoolert" */;
			compatibilityVersion = "Xcode 3.2";
			developmentRegion = English;
			hasScannedForEncodings = 0;
			knownRegions = (
				en,
				Base,
			);
			mainGroup = EDE80E471EF5DE5300896153;
			productRefGroup = EDE80E511EF5DE5300896153 /* Products */;
			projectDirPath = "";
			projectRoot = "";
			targets = (
				EDE80E4F1EF5DE5300896153 /* Schoolert */,
			);
		};
/* End PBXProject section */

/* Begin PBXResourcesBuildPhase section */
		EDE80E4E1EF5DE5300896153 /* Resources */ = {
			isa = PBXResourcesBuildPhase;
			buildActionMask = 2147483647;
			files = (
				EDE80E5E1EF5DE5300896153 /* LaunchScreen.storyboard in Resources */,
				EDE80E5B1EF5DE5300896153 /* Assets.xcassets in Resources */,
				EDE80E591EF5DE5300896153 /* Main.storyboard in Resources */,
			);
			runOnlyForDeploymentPostprocessing = 0;
		};
/* End PBXResourcesBuildPhase section */

/* Begin PBXShellScriptBuildPhase section */
		78793886AF10C003FE9BEC86 /* [CP] Copy Pods Resources */ = {
			isa = PBXShellScriptBuildPhase;
			buildActionMask = 2147483647;
			files = (
			);
			inputPaths = (
			);
			name = "[CP] Copy Pods Resources";
			outputPaths = (
			);
			runOnlyForDeploymentPostprocessing = 0;
			shellPath = /bin/sh;
			shellScript = "\"${SRCROOT}/Pods/Target Support Files/Pods-Schoolert/Pods-Schoolert-resources.sh\"\n";
			showEnvVarsInLog = 0;
		};
		86A4739D3681A2F29F38E52D /* [CP] Check Pods Manifest.lock */ = {
			isa = PBXShellScriptBuildPhase;
			buildActionMask = 2147483647;
			files = (
			);
			inputPaths = (
			);
			name = "[CP] Check Pods Manifest.lock";
			outputPaths = (
			);
			runOnlyForDeploymentPostprocessing = 0;
			shellPath = /bin/sh;
			shellScript = "diff \"${PODS_ROOT}/../Podfile.lock\" \"${PODS_ROOT}/Manifest.lock\" > /dev/null\nif [ $? != 0 ] ; then\n    # print error to STDERR\n    echo \"error: The sandbox is not in sync with the Podfile.lock. Run 'pod install' or update your CocoaPods installation.\" >&2\n    exit 1\nfi\n";
			showEnvVarsInLog = 0;
		};
		9FEA110D819DB29F49A81DB7 /* [CP] Embed Pods Frameworks */ = {
			isa = PBXShellScriptBuildPhase;
			buildActionMask = 2147483647;
			files = (
			);
			inputPaths = (
			);
			name = "[CP] Embed Pods Frameworks";
			outputPaths = (
			);
			runOnlyForDeploymentPostprocessing = 0;
			shellPath = /bin/sh;
			shellScript = "\"${SRCROOT}/Pods/Target Support Files/Pods-Schoolert/Pods-Schoolert-frameworks.sh\"\n";
			showEnvVarsInLog = 0;
		};
/* End PBXShellScriptBuildPhase section */

/* Begin PBXSourcesBuildPhase section */
		EDE80E4C1EF5DE5300896153 /* Sources */ = {
			isa = PBXSourcesBuildPhase;
			buildActionMask = 2147483647;
			files = (
				EDE80E561EF5DE5300896153 /* ViewController.swift in Sources */,
				EDE80E541EF5DE5300896153 /* AppDelegate.swift in Sources */,
			);
			runOnlyForDeploymentPostprocessing = 0;
		};
/* End PBXSourcesBuildPhase section */

/* Begin PBXVariantGroup section */
		EDE80E571EF5DE5300896153 /* Main.storyboard */ = {
			isa = PBXVariantGroup;
			children = (
				EDE80E581EF5DE5300896153 /* Base */,
			);
			name = Main.storyboard;
			sourceTree = "<group>";
		};
		EDE80E5C1EF5DE5300896153 /* LaunchScreen.storyboard */ = {
			isa = PBXVariantGroup;
			children = (
				EDE80E5D1EF5DE5300896153 /* Base */,
			);
			name = LaunchScreen.storyboard;
			sourceTree = "<group>";
		};
/* End PBXVariantGroup section */

/* Begin XCBuildConfiguration section */
		EDE80E601EF5DE5300896153 /* Debug */ = {
			isa = XCBuildConfiguration;
			buildSettings = {
				ALWAYS_SEARCH_USER_PATHS = NO;
				CLANG_ANALYZER_NONNULL = YES;
				CLANG_CXX_LANGUAGE_STANDARD = "gnu++0x";
				CLANG_CXX_LIBRARY = "libc++";
				CLANG_ENABLE_MODULES = YES;
				CLANG_ENABLE_OBJC_ARC = YES;
				CLANG_WARN_BOOL_CONVERSION = YES;
				CLANG_WARN_CONSTANT_CONVERSION = YES;
				CLANG_WARN_DIRECT_OBJC_ISA_USAGE = YES_ERROR;
				CLANG_WARN_DOCUMENTATION_COMMENTS = YES;
				CLANG_WARN_EMPTY_BODY = YES;
				CLANG_WARN_ENUM_CONVERSION = YES;
				CLANG_WARN_INFINITE_RECURSION = YES;
				CLANG_WARN_INT_CONVERSION = YES;
				CLANG_WARN_OBJC_ROOT_CLASS = YES_ERROR;
				CLANG_WARN_SUSPICIOUS_MOVE = YES;
				CLANG_WARN_UNREACHABLE_CODE = YES;
				CLANG_WARN__DUPLICATE_METHOD_MATCH = YES;
				"CODE_SIGN_IDENTITY[sdk=iphoneos*]" = "iPhone Developer";
				COPY_PHASE_STRIP = NO;
				DEBUG_INFORMATION_FORMAT = dwarf;
				ENABLE_STRICT_OBJC_MSGSEND = YES;
				ENABLE_TESTABILITY = YES;
				GCC_C_LANGUAGE_STANDARD = gnu99;
				GCC_DYNAMIC_NO_PIC = NO;
				GCC_NO_COMMON_BLOCKS = YES;
				GCC_OPTIMIZATION_LEVEL = 0;
				GCC_PREPROCESSOR_DEFINITIONS = (
					"DEBUG=1",
					"$(inherited)",
				);
				GCC_WARN_64_TO_32_BIT_CONVERSION = YES;
				GCC_WARN_ABOUT_RETURN_TYPE = YES_ERROR;
				GCC_WARN_UNDECLARED_SELECTOR = YES;
				GCC_WARN_UNINITIALIZED_AUTOS = YES_AGGRESSIVE;
				GCC_WARN_UNUSED_FUNCTION = YES;
				GCC_WARN_UNUSED_VARIABLE = YES;
				IPHONEOS_DEPLOYMENT_TARGET = 10.2;
				MTL_ENABLE_DEBUG_INFO = YES;
				ONLY_ACTIVE_ARCH = YES;
				SDKROOT = iphoneos;
				SWIFT_ACTIVE_COMPILATION_CONDITIONS = DEBUG;
				SWIFT_OPTIMIZATION_LEVEL = "-Onone";
				TARGETED_DEVICE_FAMILY = "1,2";
			};
			name = Debug;
		};
		EDE80E611EF5DE5300896153 /* Release */ = {
			isa = XCBuildConfiguration;
			buildSettings = {
				ALWAYS_SEARCH_USER_PATHS = NO;
				CLANG_ANALYZER_NONNULL = YES;
				CLANG_CXX_LANGUAGE_STANDARD = "gnu++0x";
				CLANG_CXX_LIBRARY = "libc++";
				CLANG_ENABLE_MODULES = YES;
				CLANG_ENABLE_OBJC_ARC = YES;
				CLANG_WARN_BOOL_CONVERSION = YES;
				CLANG_WARN_CONSTANT_CONVERSION = YES;
				CLANG_WARN_DIRECT_OBJC_ISA_USAGE = YES_ERROR;
				CLANG_WARN_DOCUMENTATION_COMMENTS = YES;
				CLANG_WARN_EMPTY_BODY = YES;
				CLANG_WARN_ENUM_CONVERSION = YES;
				CLANG_WARN_INFINITE_RECURSION = YES;
				CLANG_WARN_INT_CONVERSION = YES;
				CLANG_WARN_OBJC_ROOT_CLASS = YES_ERROR;
				CLANG_WARN_SUSPICIOUS_MOVE = YES;
				CLANG_WARN_UNREACHABLE_CODE = YES;
				CLANG_WARN__DUPLICATE_METHOD_MATCH = YES;
				"CODE_SIGN_IDENTITY[sdk=iphoneos*]" = "iPhone Developer";
				COPY_PHASE_STRIP = NO;
				DEBUG_INFORMATION_FORMAT = "dwarf-with-dsym";
				ENABLE_NS_ASSERTIONS = NO;
				ENABLE_STRICT_OBJC_MSGSEND = YES;
				GCC_C_LANGUAGE_STANDARD = gnu99;
				GCC_NO_COMMON_BLOCKS = YES;
				GCC_WARN_64_TO_32_BIT_CONVERSION = YES;
				GCC_WARN_ABOUT_RETURN_TYPE = YES_ERROR;
				GCC_WARN_UNDECLARED_SELECTOR = YES;
				GCC_WARN_UNINITIALIZED_AUTOS = YES_AGGRESSIVE;
				GCC_WARN_UNUSED_FUNCTION = YES;
				GCC_WARN_UNUSED_VARIABLE = YES;
				IPHONEOS_DEPLOYMENT_TARGET = 10.2;
				MTL_ENABLE_DEBUG_INFO = NO;
				SDKROOT = iphoneos;
				SWIFT_OPTIMIZATION_LEVEL = "-Owholemodule";
				TARGETED_DEVICE_FAMILY = "1,2";
				VALIDATE_PRODUCT = YES;
			};
			name = Release;
		};
		EDE80E631EF5DE5300896153 /* Debug */ = {
			isa = XCBuildConfiguration;
			baseConfigurationReference = DF8ECC4CDCB083702B399060 /* Pods-Schoolert.debug.xcconfig */;
			buildSettings = {
				ASSETCATALOG_COMPILER_APPICON_NAME = AppIcon;
				DEVELOPMENT_TEAM = KYVYVR927G;
				INFOPLIST_FILE = Schoolert/Info.plist;
				LD_RUNPATH_SEARCH_PATHS = "$(inherited) @executable_path/Frameworks";
				PRODUCT_BUNDLE_IDENTIFIER = com.InternTeam.Schoolert;
				PRODUCT_NAME = "$(TARGET_NAME)";
				SWIFT_VERSION = 3.0;
			};
			name = Debug;
		};
		EDE80E641EF5DE5300896153 /* Release */ = {
			isa = XCBuildConfiguration;
			baseConfigurationReference = 8AB44CCEB61D6E0C51FF58D3 /* Pods-Schoolert.release.xcconfig */;
			buildSettings = {
				ASSETCATALOG_COMPILER_APPICON_NAME = AppIcon;
				DEVELOPMENT_TEAM = KYVYVR927G;
				INFOPLIST_FILE = Schoolert/Info.plist;
				LD_RUNPATH_SEARCH_PATHS = "$(inherited) @executable_path/Frameworks";
				PRODUCT_BUNDLE_IDENTIFIER = com.InternTeam.Schoolert;
				PRODUCT_NAME = "$(TARGET_NAME)";
				SWIFT_VERSION = 3.0;
			};
			name = Release;
		};
/* End XCBuildConfiguration section */

/* Begin XCConfigurationList section */
		EDE80E4B1EF5DE5300896153 /* Build configuration list for PBXProject "Schoolert" */ = {
			isa = XCConfigurationList;
			buildConfigurations = (
				EDE80E601EF5DE5300896153 /* Debug */,
				EDE80E611EF5DE5300896153 /* Release */,
			);
			defaultConfigurationIsVisible = 0;
			defaultConfigurationName = Release;
		};
		EDE80E621EF5DE5300896153 /* Build configuration list for PBXNativeTarget "Schoolert" */ = {
			isa = XCConfigurationList;
			buildConfigurations = (
				EDE80E631EF5DE5300896153 /* Debug */,
				EDE80E641EF5DE5300896153 /* Release */,
			);
			defaultConfigurationIsVisible = 0;
		};
/* End XCConfigurationList section */
	};
	rootObject = EDE80E481EF5DE5300896153 /* Project object */;
}
